
Microsoft Visual Studio Solution File, Format Version 12.00
# Visual Studio 15
VisualStudioVersion = 15.0.26430.14
MinimumVisualStudioVersion = 10.0.40219.1
Project("{2150E333-8FDC-42A3-9474-1A3956D46DE8}") = "src", "src", "{9F74D311-DB70-4FA4-AE64-4FF6BAFB95A4}"
EndProject
Project("{2150E333-8FDC-42A3-9474-1A3956D46DE8}") = "test", "test", "{87399E30-9721-4E12-AFCC-9530E4980FAC}"
EndProject
Project("{9A19103F-16F7-4668-BE54-9A1E7A4F7556}") = "CHV.Core", "src\CHV.Core\CHV.Core.csproj", "{F8A38380-BEEB-4D49-BAF1-0BCA9A4A9D79}"
EndProject
Project("{9A19103F-16F7-4668-BE54-9A1E7A4F7556}") = "CHV.Infrastructure", "src\CHV.Infrastructure\CHV.Infrastructure.csproj", "{5A71E5B4-913C-4F7D-AA67-E61D3F549A17}"
EndProject
Project("{9A19103F-16F7-4668-BE54-9A1E7A4F7556}") = "CHV.Infrastructure.MessageBus", "src\CHV.Infrastructure.MessageBus\CHV.Infrastructure.MessageBus.csproj", "{0FEF98B9-0141-47D2-B00C-166EFD611280}"
EndProject
Project("{9A19103F-16F7-4668-BE54-9A1E7A4F7556}") = "CHV.Infrastructure.MessageBus.RabbitMq", "src\CHV.Infrastructure.MessageBus.RabbitMq\CHV.Infrastructure.MessageBus.RabbitMq.csproj", "{57F97F8E-C909-47E7-8E60-9E2E3341E76A}"
EndProject
Project("{9A19103F-16F7-4668-BE54-9A1E7A4F7556}") = "RabbitMq.SubscriberConsoleTests", "test\RabbitMq.SubscriberConsoleTests\RabbitMq.SubscriberConsoleTests.csproj", "{340FA942-A9F1-4B1B-8FD9-56D70E4DF5A9}"
EndProject
Project("{9A19103F-16F7-4668-BE54-9A1E7A4F7556}") = "RabbitMq.PublisherConsoleTests", "test\RabbitMq.PublisherConsoleTests\RabbitMq.PublisherConsoleTests.csproj", "{89A30230-89F8-45B3-9252-12FD884C7D48}"
EndProject
Global
	GlobalSection(SolutionConfigurationPlatforms) = preSolution
		Debug|Any CPU = Debug|Any CPU
		Release|Any CPU = Release|Any CPU
	EndGlobalSection
	GlobalSection(ProjectConfigurationPlatforms) = postSolution
		{F8A38380-BEEB-4D49-BAF1-0BCA9A4A9D79}.Debug|Any CPU.ActiveCfg = Debug|Any CPU
		{F8A38380-BEEB-4D49-BAF1-0BCA9A4A9D79}.Debug|Any CPU.Build.0 = Debug|Any CPU
		{F8A38380-BEEB-4D49-BAF1-0BCA9A4A9D79}.Release|Any CPU.ActiveCfg = Release|Any CPU
		{F8A38380-BEEB-4D49-BAF1-0BCA9A4A9D79}.Release|Any CPU.Build.0 = Release|Any CPU
		{5A71E5B4-913C-4F7D-AA67-E61D3F549A17}.Debug|Any CPU.ActiveCfg = Debug|Any CPU
		{5A71E5B4-913C-4F7D-AA67-E61D3F549A17}.Debug|Any CPU.Build.0 = Debug|Any CPU
		{5A71E5B4-913C-4F7D-AA67-E61D3F549A17}.Release|Any CPU.ActiveCfg = Release|Any CPU
		{5A71E5B4-913C-4F7D-AA67-E61D3F549A17}.Release|Any CPU.Build.0 = Release|Any CPU
		{0FEF98B9-0141-47D2-B00C-166EFD611280}.Debug|Any CPU.ActiveCfg = Debug|Any CPU
		{0FEF98B9-0141-47D2-B00C-166EFD611280}.Debug|Any CPU.Build.0 = Debug|Any CPU
		{0FEF98B9-0141-47D2-B00C-166EFD611280}.Release|Any CPU.ActiveCfg = Release|Any CPU
		{0FEF98B9-0141-47D2-B00C-166EFD611280}.Release|Any CPU.Build.0 = Release|Any CPU
		{57F97F8E-C909-47E7-8E60-9E2E3341E76A}.Debug|Any CPU.ActiveCfg = Debug|Any CPU
		{57F97F8E-C909-47E7-8E60-9E2E3341E76A}.Debug|Any CPU.Build.0 = Debug|Any CPU
		{57F97F8E-C909-47E7-8E60-9E2E3341E76A}.Release|Any CPU.ActiveCfg = Release|Any CPU
		{57F97F8E-C909-47E7-8E60-9E2E3341E76A}.Release|Any CPU.Build.0 = Release|Any CPU
		{340FA942-A9F1-4B1B-8FD9-56D70E4DF5A9}.Debug|Any CPU.ActiveCfg = Debug|Any CPU
		{340FA942-A9F1-4B1B-8FD9-56D70E4DF5A9}.Debug|Any CPU.Build.0 = Debug|Any CPU
		{340FA942-A9F1-4B1B-8FD9-56D70E4DF5A9}.Release|Any CPU.ActiveCfg = Release|Any CPU
		{340FA942-A9F1-4B1B-8FD9-56D70E4DF5A9}.Release|Any CPU.Build.0 = Release|Any CPU
		{89A30230-89F8-45B3-9252-12FD884C7D48}.Debug|Any CPU.ActiveCfg = Debug|Any CPU
		{89A30230-89F8-45B3-9252-12FD884C7D48}.Debug|Any CPU.Build.0 = Debug|Any CPU
		{89A30230-89F8-45B3-9252-12FD884C7D48}.Release|Any CPU.ActiveCfg = Release|Any CPU
		{89A30230-89F8-45B3-9252-12FD884C7D48}.Release|Any CPU.Build.0 = Release|Any CPU
	EndGlobalSection
	GlobalSection(SolutionProperties) = preSolution
		HideSolutionNode = FALSE
	EndGlobalSection
	GlobalSection(NestedProjects) = preSolution
		{F8A38380-BEEB-4D49-BAF1-0BCA9A4A9D79} = {9F74D311-DB70-4FA4-AE64-4FF6BAFB95A4}
		{5A71E5B4-913C-4F7D-AA67-E61D3F549A17} = {9F74D311-DB70-4FA4-AE64-4FF6BAFB95A4}
		{0FEF98B9-0141-47D2-B00C-166EFD611280} = {9F74D311-DB70-4FA4-AE64-4FF6BAFB95A4}
		{57F97F8E-C909-47E7-8E60-9E2E3341E76A} = {9F74D311-DB70-4FA4-AE64-4FF6BAFB95A4}
		{340FA942-A9F1-4B1B-8FD9-56D70E4DF5A9} = {87399E30-9721-4E12-AFCC-9530E4980FAC}
		{89A30230-89F8-45B3-9252-12FD884C7D48} = {87399E30-9721-4E12-AFCC-9530E4980FAC}
	EndGlobalSection
EndGlobal
